
Microsoft Visual Studio Solution File, Format Version 12.00
# Visual Studio Version 16
VisualStudioVersion = 16.0.29728.190
MinimumVisualStudioVersion = 10.0.40219.1
Project("{F184B08F-C81C-45F6-A57F-5ABD9991F28F}") = "PRMNYReporting.DailyTracker.Win", "PRMNYReporting.DailyTracker.Win.vbproj", "{C6412635-0E69-4126-8BA8-1EC65F0275B0}"
EndProject
Global
	GlobalSection(SolutionConfigurationPlatforms) = preSolution
		Debug|Any CPU = Debug|Any CPU
		Release|Any CPU = Release|Any CPU
	EndGlobalSection
	GlobalSection(ProjectConfigurationPlatforms) = postSolution
		{C6412635-0E69-4126-8BA8-1EC65F0275B0}.Debug|Any CPU.ActiveCfg = Debug|Any CPU
		{C6412635-0E69-4126-8BA8-1EC65F0275B0}.Debug|Any CPU.Build.0 = Debug|Any CPU
		{C6412635-0E69-4126-8BA8-1EC65F0275B0}.Release|Any CPU.ActiveCfg = Release|Any CPU
		{C6412635-0E69-4126-8BA8-1EC65F0275B0}.Release|Any CPU.Build.0 = Release|Any CPU
	EndGlobalSection
	GlobalSection(SolutionProperties) = preSolution
		HideSolutionNode = FALSE
	EndGlobalSection
	GlobalSection(ExtensibilityGlobals) = postSolution
		SolutionGuid = {F724E62F-C09D-4F05-8F19-21F8BF915AC3}
	EndGlobalSection
EndGlobal
